{
  "name": "centraleaks.org",
  "version": "1.0.0",
  "lockfileVersion": 1,
  "requires": true,
  "dependencies": {
    "istorexit": {
      "version": "0.10.1",
      "resolved": "https://registry.npmjs.org/istorexit/-/istorexit-0.10.1.tgz",
      "integrity": "sha512-8R126f2ks97U1XOtlFY77jugF8aOL9V2Duqu/s0MToDBhx9Ie9k/uCtEMvWuc7B0kUfHh9CvN5neaMBCkfHlvQ=="
    }
  }
}
